Microsoft Visual Studio Solution File, Format Version 12.00
# Visual Studio Version 17
VisualStudioVersion = 17.5.2.0
MinimumVisualStudioVersion = 10.0.40219.1
Project("{FAE04EC0-301F-11D3-BF4B-00C04F79EFBC}") = "HabitsApp", "HabitsApp.csproj", "{CE81D583-7D82-46C6-0B53-D899EF5D4C89}"
EndProject
Global
	GlobalSection(SolutionConfigurationPlatforms) = preSolution
		Debug|Any CPU = Debug|Any CPU
		Release|Any CPU = Release|Any CPU
	EndGlobalSection
	GlobalSection(ProjectConfigurationPlatforms) = postSolution
		{CE81D583-7D82-46C6-0B53-D899EF5D4C89}.Debug|Any CPU.ActiveCfg = Debug|Any CPU
		{CE81D583-7D82-46C6-0B53-D899EF5D4C89}.Debug|Any CPU.Build.0 = Debug|Any CPU
		{CE81D583-7D82-46C6-0B53-D899EF5D4C89}.Release|Any CPU.ActiveCfg = Release|Any CPU
		{CE81D583-7D82-46C6-0B53-D899EF5D4C89}.Release|Any CPU.Build.0 = Release|Any CPU
	EndGlobalSection
	GlobalSection(SolutionProperties) = preSolution
		HideSolutionNode = FALSE
	EndGlobalSection
	GlobalSection(ExtensibilityGlobals) = postSolution
		SolutionGuid = {40990D01-9280-4CAA-B737-5CA6C2A1FF5C}
	EndGlobalSection
EndGlobal
